
Microsoft Visual Studio Solution File, Format Version 12.00
# Visual Studio Version 17
VisualStudioVersion = 17.10.35013.160
MinimumVisualStudioVersion = 10.0.40219.1
Project("{9A19103F-16F7-4668-BE54-9A1E7A4F7556}") = "AutoFisher_JY", "AutoFisher_JY.csproj", "{8996BF79-1839-4596-9276-0584F4304A5B}"
EndProject
Global
	GlobalSection(SolutionConfigurationPlatforms) = preSolution
		Debug|Any CPU = Debug|Any CPU
		Release|Any CPU = Release|Any CPU
	EndGlobalSection
	GlobalSection(ProjectConfigurationPlatforms) = postSolution
		{8996BF79-1839-4596-9276-0584F4304A5B}.Debug|Any CPU.ActiveCfg = Debug|Any CPU
		{8996BF79-1839-4596-9276-0584F4304A5B}.Debug|Any CPU.Build.0 = Debug|Any CPU
		{8996BF79-1839-4596-9276-0584F4304A5B}.Release|Any CPU.ActiveCfg = Release|Any CPU
		{8996BF79-1839-4596-9276-0584F4304A5B}.Release|Any CPU.Build.0 = Release|Any CPU
	EndGlobalSection
	GlobalSection(SolutionProperties) = preSolution
		HideSolutionNode = FALSE
	EndGlobalSection
	GlobalSection(ExtensibilityGlobals) = postSolution
		SolutionGuid = {17A6B990-9D59-4A41-BA98-444C2B799245}
	EndGlobalSection
EndGlobal
